
Microsoft Visual Studio Solution File, Format Version 12.00
# Visual Studio Version 17
VisualStudioVersion = 17.14.36623.8 d17.14
MinimumVisualStudioVersion = 10.0.40219.1
Project("{FAE04EC0-301F-11D3-BF4B-00C04F79EFBC}") = "UrlShortener", "UrlShortener\UrlShortener.csproj", "{9B354DF9-3E46-4B68-9529-2BB6E1E449BE}"
EndProject
Project("{FAE04EC0-301F-11D3-BF4B-00C04F79EFBC}") = "UrlShortener.Tests", "UrlShortener.Tests\UrlShortener.Tests.csproj", "{FC07768F-45AB-4B62-BA95-73B58CDCDBF1}"
EndProject
Global
	GlobalSection(SolutionConfigurationPlatforms) = preSolution
		Debug|Any CPU = Debug|Any CPU
		Release|Any CPU = Release|Any CPU
	EndGlobalSection
	GlobalSection(ProjectConfigurationPlatforms) = postSolution
		{9B354DF9-3E46-4B68-9529-2BB6E1E449BE}.Debug|Any CPU.ActiveCfg = Debug|Any CPU
		{9B354DF9-3E46-4B68-9529-2BB6E1E449BE}.Debug|Any CPU.Build.0 = Debug|Any CPU
		{9B354DF9-3E46-4B68-9529-2BB6E1E449BE}.Release|Any CPU.ActiveCfg = Release|Any CPU
		{9B354DF9-3E46-4B68-9529-2BB6E1E449BE}.Release|Any CPU.Build.0 = Release|Any CPU
		{FC07768F-45AB-4B62-BA95-73B58CDCDBF1}.Debug|Any CPU.ActiveCfg = Debug|Any CPU
		{FC07768F-45AB-4B62-BA95-73B58CDCDBF1}.Debug|Any CPU.Build.0 = Debug|Any CPU
		{FC07768F-45AB-4B62-BA95-73B58CDCDBF1}.Release|Any CPU.ActiveCfg = Release|Any CPU
		{FC07768F-45AB-4B62-BA95-73B58CDCDBF1}.Release|Any CPU.Build.0 = Release|Any CPU
	EndGlobalSection
	GlobalSection(SolutionProperties) = preSolution
		HideSolutionNode = FALSE
	EndGlobalSection
	GlobalSection(ExtensibilityGlobals) = postSolution
		SolutionGuid = {21EC8943-CEDD-49E5-910C-F6B68B66E3B8}
	EndGlobalSection
EndGlobal
